// !$*UTF8*$!
{
	archiveVersion = 1;
	classes = {
	};
	objectVersion = 46;
	objects = {

/* Begin PBXBuildFile section */
		1C05E65D1D7BB28A00F969D9 /* NSRect+Utils.swift in Sources */ = {isa = PBXBuildFile; fileRef = 1C05E65C1D7BB28A00F969D9 /* NSRect+Utils.swift */; };
		1C1236881D766E1700681377 /* CollectionType+OptionalBinding.swift in Sources */ = {isa = PBXBuildFile; fileRef = 1C1236871D766E1700681377 /* CollectionType+OptionalBinding.swift */; };
		1C1964A61D66839F0009BEA4 /* NSTextField+CalendarUtils.swift in Sources */ = {isa = PBXBuildFile; fileRef = 1C1964A51D66839F0009BEA4 /* NSTextField+CalendarUtils.swift */; };
		1C29F0CC1D441C670093A5F7 /* CalendarScrollView.swift in Sources */ = {isa = PBXBuildFile; fileRef = 1C29F0CB1D441C670093A5F7 /* CalendarScrollView.swift */; };
		1C2C1A681D4EB8CB00E299AF /* CalendarConstants.swift in Sources */ = {isa = PBXBuildFile; fileRef = 1C2C1A671D4EB8CB00E299AF /* CalendarConstants.swift */; };
		1C35D3D01D6B2381004DB4B1 /* CalendarContentView.swift in Sources */ = {isa = PBXBuildFile; fileRef = 1C35D3CF1D6B2381004DB4B1 /* CalendarContentView.swift */; };
		1C35FE811D3DAC6F00E5B54E /* AppDelegate.swift in Sources */ = {isa = PBXBuildFile; fileRef = 1C35FE801D3DAC6F00E5B54E /* AppDelegate.swift */; };
		1C35FE831D3DAC6F00E5B54E /* Assets.xcassets in Resources */ = {isa = PBXBuildFile; fileRef = 1C35FE821D3DAC6F00E5B54E /* Assets.xcassets */; };
		1C35FE861D3DAC6F00E5B54E /* MainMenu.xib in Resources */ = {isa = PBXBuildFile; fileRef = 1C35FE841D3DAC6F00E5B54E /* MainMenu.xib */; };
		1C35FE8E1D3DAD3700E5B54E /* CalendarView.swift in Sources */ = {isa = PBXBuildFile; fileRef = 1C35FE8D1D3DAD3700E5B54E /* CalendarView.swift */; };
		1C35FE901D3DB39200E5B54E /* CalendarMonthView.swift in Sources */ = {isa = PBXBuildFile; fileRef = 1C35FE8F1D3DB39200E5B54E /* CalendarMonthView.swift */; };
		1CC9513C1D7931D000318543 /* CalendarEventManager.swift in Sources */ = {isa = PBXBuildFile; fileRef = 1CC9513B1D7931D000318543 /* CalendarEventManager.swift */; };
		1CC9513E1D7A462600318543 /* NSDateComponents+Hashable.swift in Sources */ = {isa = PBXBuildFile; fileRef = 1CC9513D1D7A462600318543 /* NSDateComponents+Hashable.swift */; };
		1CCAE44D1D654B7100463C1B /* CalendarManager.swift in Sources */ = {isa = PBXBuildFile; fileRef = 1CCAE44C1D654B7000463C1B /* CalendarManager.swift */; };
		1CE960701D728788007B74AB /* CalendarDayView.swift in Sources */ = {isa = PBXBuildFile; fileRef = 1CE9606F1D728788007B74AB /* CalendarDayView.swift */; };
/* End PBXBuildFile section */

/* Begin PBXFileReference section */
		1C05E65C1D7BB28A00F969D9 /* NSRect+Utils.swift */ = {isa = PBXFileReference; fileEncoding = 4; lastKnownFileType = sourcecode.swift; path = "NSRect+Utils.swift"; sourceTree = "<group>"; };
		1C1236871D766E1700681377 /* CollectionType+OptionalBinding.swift */ = {isa = PBXFileReference; fileEncoding = 4; lastKnownFileType = sourcecode.swift; path = "CollectionType+OptionalBinding.swift"; sourceTree = "<group>"; };
		1C1964A51D66839F0009BEA4 /* NSTextField+CalendarUtils.swift */ = {isa = PBXFileReference; fileEncoding = 4; lastKnownFileType = sourcecode.swift; path = "NSTextField+CalendarUtils.swift"; sourceTree = "<group>"; };
		1C29F0CB1D441C670093A5F7 /* CalendarScrollView.swift */ = {isa = PBXFileReference; fileEncoding = 4; lastKnownFileType = sourcecode.swift; path = CalendarScrollView.swift; sourceTree = "<group>"; };
		1C2C1A671D4EB8CB00E299AF /* CalendarConstants.swift */ = {isa = PBXFileReference; fileEncoding = 4; lastKnownFileType = sourcecode.swift; path = CalendarConstants.swift; sourceTree = "<group>"; };
		1C35D3CF1D6B2381004DB4B1 /* CalendarContentView.swift */ = {isa = PBXFileReference; fileEncoding = 4; lastKnownFileType = sourcecode.swift; path = CalendarContentView.swift; sourceTree = "<group>"; };
		1C35FE7D1D3DAC6F00E5B54E /* CalendarView.app */ = {isa = PBXFileReference; explicitFileType = wrapper.application; includeInIndex = 0; path = CalendarView.app; sourceTree = BUILT_PRODUCTS_DIR; };
		1C35FE801D3DAC6F00E5B54E /* AppDelegate.swift */ = {isa = PBXFileReference; lastKnownFileType = sourcecode.swift; path = AppDelegate.swift; sourceTree = "<group>"; };
		1C35FE821D3DAC6F00E5B54E /* Assets.xcassets */ = {isa = PBXFileReference; lastKnownFileType = folder.assetcatalog; path = Assets.xcassets; sourceTree = "<group>"; };
		1C35FE851D3DAC6F00E5B54E /* Base */ = {isa = PBXFileReference; lastKnownFileType = file.xib; name = Base; path = Base.lproj/MainMenu.xib; sourceTree = "<group>"; };
		1C35FE871D3DAC6F00E5B54E /* Info.plist */ = {isa = PBXFileReference; lastKnownFileType = text.plist.xml; path = Info.plist; sourceTree = "<group>"; };
		1C35FE8D1D3DAD3700E5B54E /* CalendarView.swift */ = {isa = PBXFileReference; fileEncoding = 4; lastKnownFileType = sourcecode.swift; path = CalendarView.swift; sourceTree = "<group>"; };
		1C35FE8F1D3DB39200E5B54E /* CalendarMonthView.swift */ = {isa = PBXFileReference; fileEncoding = 4; lastKnownFileType = sourcecode.swift; path = CalendarMonthView.swift; sourceTree = "<group>"; };
		1CC9513B1D7931D000318543 /* CalendarEventManager.swift */ = {isa = PBXFileReference; fileEncoding = 4; lastKnownFileType = sourcecode.swift; path = CalendarEventManager.swift; sourceTree = "<group>"; };
		1CC9513D1D7A462600318543 /* NSDateComponents+Hashable.swift */ = {isa = PBXFileReference; fileEncoding = 4; lastKnownFileType = sourcecode.swift; path = "NSDateComponents+Hashable.swift"; sourceTree = "<group>"; };
		1CCAE44C1D654B7000463C1B /* CalendarManager.swift */ = {isa = PBXFileReference; fileEncoding = 4; lastKnownFileType = sourcecode.swift; path = CalendarManager.swift; sourceTree = "<group>"; };
		1CE9606F1D728788007B74AB /* CalendarDayView.swift */ = {isa = PBXFileReference; fileEncoding = 4; lastKnownFileType = sourcecode.swift; path = CalendarDayView.swift; sourceTree = "<group>"; };
/* End PBXFileReference section */

/* Begin PBXFrameworksBuildPhase section */
		1C35FE7A1D3DAC6F00E5B54E /* Frameworks */ = {
			isa = PBXFrameworksBuildPhase;
			buildActionMask = 2147483647;
			files = (
			);
			runOnlyForDeploymentPostprocessing = 0;
		};
/* End PBXFrameworksBuildPhase section */

/* Begin PBXGroup section */
		1C1964A71D6683A80009BEA4 /* Utils */ = {
			isa = PBXGroup;
			children = (
				1C1964A51D66839F0009BEA4 /* NSTextField+CalendarUtils.swift */,
				1C1236871D766E1700681377 /* CollectionType+OptionalBinding.swift */,
				1CC9513D1D7A462600318543 /* NSDateComponents+Hashable.swift */,
				1C05E65C1D7BB28A00F969D9 /* NSRect+Utils.swift */,
			);
			name = Utils;
			sourceTree = "<group>";
		};
		1C2C1A691D4EB8D900E299AF /* Calendar */ = {
			isa = PBXGroup;
			children = (
				1CC9513B1D7931D000318543 /* CalendarEventManager.swift */,
				1CCAE44C1D654B7000463C1B /* CalendarManager.swift */,
				1C35FE8D1D3DAD3700E5B54E /* CalendarView.swift */,
				1C29F0CB1D441C670093A5F7 /* CalendarScrollView.swift */,
				1C35FE8F1D3DB39200E5B54E /* CalendarMonthView.swift */,
				1C2C1A671D4EB8CB00E299AF /* CalendarConstants.swift */,
				1C35D3CF1D6B2381004DB4B1 /* CalendarContentView.swift */,
				1CE9606F1D728788007B74AB /* CalendarDayView.swift */,
				1C1964A71D6683A80009BEA4 /* Utils */,
			);
			name = Calendar;
			sourceTree = "<group>";
		};
		1C35FE741D3DAC6F00E5B54E = {
			isa = PBXGroup;
			children = (
				1C35FE7F1D3DAC6F00E5B54E /* CalendarView */,
				1C35FE7E1D3DAC6F00E5B54E /* Products */,
			);
			sourceTree = "<group>";
		};
		1C35FE7E1D3DAC6F00E5B54E /* Products */ = {
			isa = PBXGroup;
			children = (
				1C35FE7D1D3DAC6F00E5B54E /* CalendarView.app */,
			);
			name = Products;
			sourceTree = "<group>";
		};
		1C35FE7F1D3DAC6F00E5B54E /* CalendarView */ = {
			isa = PBXGroup;
			children = (
				1C35FE801D3DAC6F00E5B54E /* AppDelegate.swift */,
				1C35FE821D3DAC6F00E5B54E /* Assets.xcassets */,
				1C35FE841D3DAC6F00E5B54E /* MainMenu.xib */,
				1C2C1A691D4EB8D900E299AF /* Calendar */,
				1C35FE871D3DAC6F00E5B54E /* Info.plist */,
			);
			path = CalendarView;
			sourceTree = "<group>";
		};
/* End PBXGroup section */

/* Begin PBXNativeTarget section */
		1C35FE7C1D3DAC6F00E5B54E /* CalendarView */ = {
			isa = PBXNativeTarget;
			buildConfigurationList = 1C35FE8A1D3DAC6F00E5B54E /* Build configuration list for PBXNativeTarget "CalendarView" */;
			buildPhases = (
				1C35FE791D3DAC6F00E5B54E /* Sources */,
				1C35FE7A1D3DAC6F00E5B54E /* Frameworks */,
				1C35FE7B1D3DAC6F00E5B54E /* Resources */,
			);
			buildRules = (
			);
			dependencies = (
			);
			name = CalendarView;
			productName = CalendarView;
			productReference = 1C35FE7D1D3DAC6F00E5B54E /* CalendarView.app */;
			productType = "com.apple.product-type.application";
		};
/* End PBXNativeTarget section */

/* Begin PBXProject section */
		1C35FE751D3DAC6F00E5B54E /* Project object */ = {
			isa = PBXProject;
			attributes = {
				LastSwiftUpdateCheck = 0730;
				LastUpgradeCheck = 0730;
				ORGANIZATIONNAME = "Michael Li";
				TargetAttributes = {
					1C35FE7C1D3DAC6F00E5B54E = {
						CreatedOnToolsVersion = 7.3;
					};
				};
			};
			buildConfigurationList = 1C35FE781D3DAC6F00E5B54E /* Build configuration list for PBXProject "CalendarView" */;
			compatibilityVersion = "Xcode 3.2";
			developmentRegion = English;
			hasScannedForEncodings = 0;
			knownRegions = (
				en,
				Base,
			);
			mainGroup = 1C35FE741D3DAC6F00E5B54E;
			productRefGroup = 1C35FE7E1D3DAC6F00E5B54E /* Products */;
			projectDirPath = "";
			projectRoot = "";
			targets = (
				1C35FE7C1D3DAC6F00E5B54E /* CalendarView */,
			);
		};
/* End PBXProject section */

/* Begin PBXResourcesBuildPhase section */
		1C35FE7B1D3DAC6F00E5B54E /* Resources */ = {
			isa = PBXResourcesBuildPhase;
			buildActionMask = 2147483647;
			files = (
				1C35FE831D3DAC6F00E5B54E /* Assets.xcassets in Resources */,
				1C35FE861D3DAC6F00E5B54E /* MainMenu.xib in Resources */,
			);
			runOnlyForDeploymentPostprocessing = 0;
		};
/* End PBXResourcesBuildPhase section */

/* Begin PBXSourcesBuildPhase section */
		1C35FE791D3DAC6F00E5B54E /* Sources */ = {
			isa = PBXSourcesBuildPhase;
			buildActionMask = 2147483647;
			files = (
				1C35FE901D3DB39200E5B54E /* CalendarMonthView.swift in Sources */,
				1C35FE8E1D3DAD3700E5B54E /* CalendarView.swift in Sources */,
				1C1236881D766E1700681377 /* CollectionType+OptionalBinding.swift in Sources */,
				1C35FE811D3DAC6F00E5B54E /* AppDelegate.swift in Sources */,
				1CCAE44D1D654B7100463C1B /* CalendarManager.swift in Sources */,
				1C35D3D01D6B2381004DB4B1 /* CalendarContentView.swift in Sources */,
				1CC9513C1D7931D000318543 /* CalendarEventManager.swift in Sources */,
				1C05E65D1D7BB28A00F969D9 /* NSRect+Utils.swift in Sources */,
				1C1964A61D66839F0009BEA4 /* NSTextField+CalendarUtils.swift in Sources */,
				1CE960701D728788007B74AB /* CalendarDayView.swift in Sources */,
				1C2C1A681D4EB8CB00E299AF /* CalendarConstants.swift in Sources */,
				1CC9513E1D7A462600318543 /* NSDateComponents+Hashable.swift in Sources */,
				1C29F0CC1D441C670093A5F7 /* CalendarScrollView.swift in Sources */,
			);
			runOnlyForDeploymentPostprocessing = 0;
		};
/* End PBXSourcesBuildPhase section */

/* Begin PBXVariantGroup section */
		1C35FE841D3DAC6F00E5B54E /* MainMenu.xib */ = {
			isa = PBXVariantGroup;
			children = (
				1C35FE851D3DAC6F00E5B54E /* Base */,
			);
			name = MainMenu.xib;
			sourceTree = "<group>";
		};
/* End PBXVariantGroup section */

/* Begin XCBuildConfiguration section */
		1C35FE881D3DAC6F00E5B54E /* Debug */ = {
			isa = XCBuildConfiguration;
			buildSettings = {
				ALWAYS_SEARCH_USER_PATHS = NO;
				CLANG_ANALYZER_NONNULL = YES;
				CLANG_CXX_LANGUAGE_STANDARD = "gnu++0x";
				CLANG_CXX_LIBRARY = "libc++";
				CLANG_ENABLE_MODULES = YES;
				CLANG_ENABLE_OBJC_ARC = YES;
				CLANG_WARN_BOOL_CONVERSION = YES;
				CLANG_WARN_CONSTANT_CONVERSION = YES;
				CLANG_WARN_DIRECT_OBJC_ISA_USAGE = YES_ERROR;
				CLANG_WARN_EMPTY_BODY = YES;
				CLANG_WARN_ENUM_CONVERSION = YES;
				CLANG_WARN_INT_CONVERSION = YES;
				CLANG_WARN_OBJC_ROOT_CLASS = YES_ERROR;
				CLANG_WARN_UNREACHABLE_CODE = YES;
				CLANG_WARN__DUPLICATE_METHOD_MATCH = YES;
				CODE_SIGN_IDENTITY = "-";
				COPY_PHASE_STRIP = NO;
				DEBUG_INFORMATION_FORMAT = dwarf;
				ENABLE_STRICT_OBJC_MSGSEND = YES;
				ENABLE_TESTABILITY = YES;
				GCC_C_LANGUAGE_STANDARD = gnu99;
				GCC_DYNAMIC_NO_PIC = NO;
				GCC_NO_COMMON_BLOCKS = YES;
				GCC_OPTIMIZATION_LEVEL = 0;
				GCC_PREPROCESSOR_DEFINITIONS = (
					"DEBUG=1",
					"$(inherited)",
				);
				GCC_WARN_64_TO_32_BIT_CONVERSION = YES;
				GCC_WARN_ABOUT_RETURN_TYPE = YES_ERROR;
				GCC_WARN_UNDECLARED_SELECTOR = YES;
				GCC_WARN_UNINITIALIZED_AUTOS = YES_AGGRESSIVE;
				GCC_WARN_UNUSED_FUNCTION = YES;
				GCC_WARN_UNUSED_VARIABLE = YES;
				MACOSX_DEPLOYMENT_TARGET = 10.11;
				MTL_ENABLE_DEBUG_INFO = YES;
				ONLY_ACTIVE_ARCH = YES;
				SDKROOT = macosx;
				SWIFT_OPTIMIZATION_LEVEL = "-Onone";
			};
			name = Debug;
		};
		1C35FE891D3DAC6F00E5B54E /* Release */ = {
			isa = XCBuildConfiguration;
			buildSettings = {
				ALWAYS_SEARCH_USER_PATHS = NO;
				CLANG_ANALYZER_NONNULL = YES;
				CLANG_CXX_LANGUAGE_STANDARD = "gnu++0x";
				CLANG_CXX_LIBRARY = "libc++";
				CLANG_ENABLE_MODULES = YES;
				CLANG_ENABLE_OBJC_ARC = YES;
				CLANG_WARN_BOOL_CONVERSION = YES;
				CLANG_WARN_CONSTANT_CONVERSION = YES;
				CLANG_WARN_DIRECT_OBJC_ISA_USAGE = YES_ERROR;
				CLANG_WARN_EMPTY_BODY = YES;
				CLANG_WARN_ENUM_CONVERSION = YES;
				CLANG_WARN_INT_CONVERSION = YES;
				CLANG_WARN_OBJC_ROOT_CLASS = YES_ERROR;
				CLANG_WARN_UNREACHABLE_CODE = YES;
				CLANG_WARN__DUPLICATE_METHOD_MATCH = YES;
				CODE_SIGN_IDENTITY = "-";
				COPY_PHASE_STRIP = NO;
				DEBUG_INFORMATION_FORMAT = "dwarf-with-dsym";
				ENABLE_NS_ASSERTIONS = NO;
				ENABLE_STRICT_OBJC_MSGSEND = YES;
				GCC_C_LANGUAGE_STANDARD = gnu99;
				GCC_NO_COMMON_BLOCKS = YES;
				GCC_WARN_64_TO_32_BIT_CONVERSION = YES;
				GCC_WARN_ABOUT_RETURN_TYPE = YES_ERROR;
				GCC_WARN_UNDECLARED_SELECTOR = YES;
				GCC_WARN_UNINITIALIZED_AUTOS = YES_AGGRESSIVE;
				GCC_WARN_UNUSED_FUNCTION = YES;
				GCC_WARN_UNUSED_VARIABLE = YES;
				MACOSX_DEPLOYMENT_TARGET = 10.11;
				MTL_ENABLE_DEBUG_INFO = NO;
				SDKROOT = macosx;
			};
			name = Release;
		};
		1C35FE8B1D3DAC6F00E5B54E /* Debug */ = {
			isa = XCBuildConfiguration;
			buildSettings = {
				ASSETCATALOG_COMPILER_APPICON_NAME = AppIcon;
				COMBINE_HIDPI_IMAGES = YES;
				INFOPLIST_FILE = CalendarView/Info.plist;
				LD_RUNPATH_SEARCH_PATHS = "$(inherited) @executable_path/../Frameworks";
				PRODUCT_BUNDLE_IDENTIFIER = com.michaelli.CalendarView;
				PRODUCT_NAME = "$(TARGET_NAME)";
			};
			name = Debug;
		};
		1C35FE8C1D3DAC6F00E5B54E /* Release */ = {
			isa = XCBuildConfiguration;
			buildSettings = {
				ASSETCATALOG_COMPILER_APPICON_NAME = AppIcon;
				COMBINE_HIDPI_IMAGES = YES;
				INFOPLIST_FILE = CalendarView/Info.plist;
				LD_RUNPATH_SEARCH_PATHS = "$(inherited) @executable_path/../Frameworks";
				PRODUCT_BUNDLE_IDENTIFIER = com.michaelli.CalendarView;
				PRODUCT_NAME = "$(TARGET_NAME)";
			};
			name = Release;
		};
/* End XCBuildConfiguration section */

/* Begin XCConfigurationList section */
		1C35FE781D3DAC6F00E5B54E /* Build configuration list for PBXProject "CalendarView" */ = {
			isa = XCConfigurationList;
			buildConfigurations = (
				1C35FE881D3DAC6F00E5B54E /* Debug */,
				1C35FE891D3DAC6F00E5B54E /* Release */,
			);
			defaultConfigurationIsVisible = 0;
			defaultConfigurationName = Release;
		};
		1C35FE8A1D3DAC6F00E5B54E /* Build configuration list for PBXNativeTarget "CalendarView" */ = {
			isa = XCConfigurationList;
			buildConfigurations = (
				1C35FE8B1D3DAC6F00E5B54E /* Debug */,
				1C35FE8C1D3DAC6F00E5B54E /* Release */,
			);
			defaultConfigurationIsVisible = 0;
			defaultConfigurationName = Release;
		};
/* End XCConfigurationList section */
	};
	rootObject = 1C35FE751D3DAC6F00E5B54E /* Project object */;
}
